Microsoft Visual Studio Solution File, Format Version 12.00
# Visual Studio Version 17
VisualStudioVersion = 17.5.2.0
MinimumVisualStudioVersion = 10.0.40219.1
Project("{FAE04EC0-301F-11D3-BF4B-00C04F79EFBC}") = "AutoServePro", "AutoServePro.csproj", "{89DD3030-7898-793E-0507-778C73E027AA}"
EndProject
Global
	GlobalSection(SolutionConfigurationPlatforms) = preSolution
		Debug|Any CPU = Debug|Any CPU
		Release|Any CPU = Release|Any CPU
	EndGlobalSection
	GlobalSection(ProjectConfigurationPlatforms) = postSolution
		{89DD3030-7898-793E-0507-778C73E027AA}.Debug|Any CPU.ActiveCfg = Debug|Any CPU
		{89DD3030-7898-793E-0507-778C73E027AA}.Debug|Any CPU.Build.0 = Debug|Any CPU
		{89DD3030-7898-793E-0507-778C73E027AA}.Release|Any CPU.ActiveCfg = Release|Any CPU
		{89DD3030-7898-793E-0507-778C73E027AA}.Release|Any CPU.Build.0 = Release|Any CPU
	EndGlobalSection
	GlobalSection(SolutionProperties) = preSolution
		HideSolutionNode = FALSE
	EndGlobalSection
	GlobalSection(ExtensibilityGlobals) = postSolution
		SolutionGuid = {4F1990BE-AB39-464E-B487-F4BF1C3162F4}
	EndGlobalSection
EndGlobal
